
Microsoft Visual Studio Solution File, Format Version 12.00
# Visual Studio Version 17
VisualStudioVersion = 17.1.32210.238
MinimumVisualStudioVersion = 10.0.40219.1
Project("{FAE04EC0-301F-11D3-BF4B-00C04F79EFBC}") = "Algo", "Algo\Algo.csproj", "{870D1212-9190-45C6-961C-C52AFEA35EC5}"
EndProject
Global
	GlobalSection(SolutionConfigurationPlatforms) = preSolution
		Debug|Any CPU = Debug|Any CPU
		Release|Any CPU = Release|Any CPU
	EndGlobalSection
	GlobalSection(ProjectConfigurationPlatforms) = postSolution
		{870D1212-9190-45C6-961C-C52AFEA35EC5}.Debug|Any CPU.ActiveCfg = Debug|Any CPU
		{870D1212-9190-45C6-961C-C52AFEA35EC5}.Debug|Any CPU.Build.0 = Debug|Any CPU
		{870D1212-9190-45C6-961C-C52AFEA35EC5}.Release|Any CPU.ActiveCfg = Release|Any CPU
		{870D1212-9190-45C6-961C-C52AFEA35EC5}.Release|Any CPU.Build.0 = Release|Any CPU
	EndGlobalSection
	GlobalSection(SolutionProperties) = preSolution
		HideSolutionNode = FALSE
	EndGlobalSection
	GlobalSection(ExtensibilityGlobals) = postSolution
		SolutionGuid = {D1F7EB80-737D-4125-B57E-B9D0A0277A8A}
	EndGlobalSection
EndGlobal
